// !$*UTF8*$!
{
	archiveVersion = 1;
	classes = {
	};
	objectVersion = 55;
	objects = {

/* Begin PBXBuildFile section */
		60DFAF4428D1DE0C007FB40D /* AppDelegate.swift in Sources */ = {isa = PBXBuildFile; fileRef = 60DFAF4328D1DE0C007FB40D /* AppDelegate.swift */; };
		60DFAF4628D1DE0C007FB40D /* SceneDelegate.swift in Sources */ = {isa = PBXBuildFile; fileRef = 60DFAF4528D1DE0C007FB40D /* SceneDelegate.swift */; };
		60DFAF4828D1DE0C007FB40D /* ViewController.swift in Sources */ = {isa = PBXBuildFile; fileRef = 60DFAF4728D1DE0C007FB40D /* ViewController.swift */; };
		60DFAF4B28D1DE0C007FB40D /* Main.storyboard in Resources */ = {isa = PBXBuildFile; fileRef = 60DFAF4928D1DE0C007FB40D /* Main.storyboard */; };
		60DFAF4D28D1DE0E007FB40D /* Assets.xcassets in Resources */ = {isa = PBXBuildFile; fileRef = 60DFAF4C28D1DE0E007FB40D /* Assets.xcassets */; };
		60DFAF5028D1DE0E007FB40D /* LaunchScreen.storyboard in Resources */ = {isa = PBXBuildFile; fileRef = 60DFAF4E28D1DE0E007FB40D /* LaunchScreen.storyboard */; };
		60DFAF5828D1DE6D007FB40D /* LoginController.swift in Sources */ = {isa = PBXBuildFile; fileRef = 60DFAF5728D1DE6D007FB40D /* LoginController.swift */; };
		60DFAF5A28D1DF22007FB40D /* SignupController.swift in Sources */ = {isa = PBXBuildFile; fileRef = 60DFAF5928D1DF22007FB40D /* SignupController.swift */; };
		60DFAF5C28D1F12E007FB40D /* UIColour+Extension.swift in Sources */ = {isa = PBXBuildFile; fileRef = 60DFAF5B28D1F12E007FB40D /* UIColour+Extension.swift */; };
/* End PBXBuildFile section */

/* Begin PBXFileReference section */
		60DFAF4028D1DE0C007FB40D /* Swift assignment6.app */ = {isa = PBXFileReference; explicitFileType = wrapper.application; includeInIndex = 0; path = "Swift assignment6.app"; sourceTree = BUILT_PRODUCTS_DIR; };
		60DFAF4328D1DE0C007FB40D /* AppDelegate.swift */ = {isa = PBXFileReference; lastKnownFileType = sourcecode.swift; path = AppDelegate.swift; sourceTree = "<group>"; };
		60DFAF4528D1DE0C007FB40D /* SceneDelegate.swift */ = {isa = PBXFileReference; lastKnownFileType = sourcecode.swift; path = SceneDelegate.swift; sourceTree = "<group>"; };
		60DFAF4728D1DE0C007FB40D /* ViewController.swift */ = {isa = PBXFileReference; lastKnownFileType = sourcecode.swift; path = ViewController.swift; sourceTree = "<group>"; };
		60DFAF4A28D1DE0C007FB40D /* Base */ = {isa = PBXFileReference; lastKnownFileType = file.storyboard; name = Base; path = Base.lproj/Main.storyboard; sourceTree = "<group>"; };
		60DFAF4C28D1DE0E007FB40D /* Assets.xcassets */ = {isa = PBXFileReference; lastKnownFileType = folder.assetcatalog; path = Assets.xcassets; sourceTree = "<group>"; };
		60DFAF4F28D1DE0E007FB40D /* Base */ = {isa = PBXFileReference; lastKnownFileType = file.storyboard; name = Base; path = Base.lproj/LaunchScreen.storyboard; sourceTree = "<group>"; };
		60DFAF5128D1DE0E007FB40D /* Info.plist */ = {isa = PBXFileReference; lastKnownFileType = text.plist.xml; path = Info.plist; sourceTree = "<group>"; };
		60DFAF5728D1DE6D007FB40D /* LoginController.swift */ = {isa = PBXFileReference; fileEncoding = 4; lastKnownFileType = sourcecode.swift; path = LoginController.swift; sourceTree = "<group>"; };
		60DFAF5928D1DF22007FB40D /* SignupController.swift */ = {isa = PBXFileReference; fileEncoding = 4; lastKnownFileType = sourcecode.swift; path = SignupController.swift; sourceTree = "<group>"; };
		60DFAF5B28D1F12E007FB40D /* UIColour+Extension.swift */ = {isa = PBXFileReference; lastKnownFileType = sourcecode.swift; path = "UIColour+Extension.swift"; sourceTree = "<group>"; };
/* End PBXFileReference section */

/* Begin PBXFrameworksBuildPhase section */
		60DFAF3D28D1DE0C007FB40D /* Frameworks */ = {
			isa = PBXFrameworksBuildPhase;
			buildActionMask = 2147483647;
			files = (
			);
			runOnlyForDeploymentPostprocessing = 0;
		};
/* End PBXFrameworksBuildPhase section */

/* Begin PBXGroup section */
		60DFAF3728D1DE0C007FB40D = {
			isa = PBXGroup;
			children = (
				60DFAF4228D1DE0C007FB40D /* Swift assignment6 */,
				60DFAF4128D1DE0C007FB40D /* Products */,
			);
			sourceTree = "<group>";
		};
		60DFAF4128D1DE0C007FB40D /* Products */ = {
			isa = PBXGroup;
			children = (
				60DFAF4028D1DE0C007FB40D /* Swift assignment6.app */,
			);
			name = Products;
			sourceTree = "<group>";
		};
		60DFAF4228D1DE0C007FB40D /* Swift assignment6 */ = {
			isa = PBXGroup;
			children = (
				60DFAF4328D1DE0C007FB40D /* AppDelegate.swift */,
				60DFAF4528D1DE0C007FB40D /* SceneDelegate.swift */,
				60DFAF4728D1DE0C007FB40D /* ViewController.swift */,
				60DFAF4928D1DE0C007FB40D /* Main.storyboard */,
				60DFAF4C28D1DE0E007FB40D /* Assets.xcassets */,
				60DFAF5728D1DE6D007FB40D /* LoginController.swift */,
				60DFAF5928D1DF22007FB40D /* SignupController.swift */,
				60DFAF4E28D1DE0E007FB40D /* LaunchScreen.storyboard */,
				60DFAF5128D1DE0E007FB40D /* Info.plist */,
				60DFAF5B28D1F12E007FB40D /* UIColour+Extension.swift */,
			);
			path = "Swift assignment6";
			sourceTree = "<group>";
		};
/* End PBXGroup section */

/* Begin PBXNativeTarget section */
		60DFAF3F28D1DE0C007FB40D /* Swift assignment6 */ = {
			isa = PBXNativeTarget;
			buildConfigurationList = 60DFAF5428D1DE0E007FB40D /* Build configuration list for PBXNativeTarget "Swift assignment6" */;
			buildPhases = (
				60DFAF3C28D1DE0C007FB40D /* Sources */,
				60DFAF3D28D1DE0C007FB40D /* Frameworks */,
				60DFAF3E28D1DE0C007FB40D /* Resources */,
			);
			buildRules = (
			);
			dependencies = (
			);
			name = "Swift assignment6";
			productName = "Swift assignment6";
			productReference = 60DFAF4028D1DE0C007FB40D /* Swift assignment6.app */;
			productType = "com.apple.product-type.application";
		};
/* End PBXNativeTarget section */

/* Begin PBXProject section */
		60DFAF3828D1DE0C007FB40D /* Project object */ = {
			isa = PBXProject;
			attributes = {
				BuildIndependentTargetsInParallel = 1;
				LastSwiftUpdateCheck = 1340;
				LastUpgradeCheck = 1340;
				TargetAttributes = {
					60DFAF3F28D1DE0C007FB40D = {
						CreatedOnToolsVersion = 13.4.1;
					};
				};
			};
			buildConfigurationList = 60DFAF3B28D1DE0C007FB40D /* Build configuration list for PBXProject "Swift assignment6" */;
			compatibilityVersion = "Xcode 13.0";
			developmentRegion = en;
			hasScannedForEncodings = 0;
			knownRegions = (
				en,
				Base,
			);
			mainGroup = 60DFAF3728D1DE0C007FB40D;
			productRefGroup = 60DFAF4128D1DE0C007FB40D /* Products */;
			projectDirPath = "";
			projectRoot = "";
			targets = (
				60DFAF3F28D1DE0C007FB40D /* Swift assignment6 */,
			);
		};
/* End PBXProject section */

/* Begin PBXResourcesBuildPhase section */
		60DFAF3E28D1DE0C007FB40D /* Resources */ = {
			isa = PBXResourcesBuildPhase;
			buildActionMask = 2147483647;
			files = (
				60DFAF5028D1DE0E007FB40D /* LaunchScreen.storyboard in Resources */,
				60DFAF4D28D1DE0E007FB40D /* Assets.xcassets in Resources */,
				60DFAF4B28D1DE0C007FB40D /* Main.storyboard in Resources */,
			);
			runOnlyForDeploymentPostprocessing = 0;
		};
/* End PBXResourcesBuildPhase section */

/* Begin PBXSourcesBuildPhase section */
		60DFAF3C28D1DE0C007FB40D /* Sources */ = {
			isa = PBXSourcesBuildPhase;
			buildActionMask = 2147483647;
			files = (
				60DFAF4828D1DE0C007FB40D /* ViewController.swift in Sources */,
				60DFAF5C28D1F12E007FB40D /* UIColour+Extension.swift in Sources */,
				60DFAF5828D1DE6D007FB40D /* LoginController.swift in Sources */,
				60DFAF4428D1DE0C007FB40D /* AppDelegate.swift in Sources */,
				60DFAF5A28D1DF22007FB40D /* SignupController.swift in Sources */,
				60DFAF4628D1DE0C007FB40D /* SceneDelegate.swift in Sources */,
			);
			runOnlyForDeploymentPostprocessing = 0;
		};
/* End PBXSourcesBuildPhase section */

/* Begin PBXVariantGroup section */
		60DFAF4928D1DE0C007FB40D /* Main.storyboard */ = {
			isa = PBXVariantGroup;
			children = (
				60DFAF4A28D1DE0C007FB40D /* Base */,
			);
			name = Main.storyboard;
			sourceTree = "<group>";
		};
		60DFAF4E28D1DE0E007FB40D /* LaunchScreen.storyboard */ = {
			isa = PBXVariantGroup;
			children = (
				60DFAF4F28D1DE0E007FB40D /* Base */,
			);
			name = LaunchScreen.storyboard;
			sourceTree = "<group>";
		};
/* End PBXVariantGroup section */

/* Begin XCBuildConfiguration section */
		60DFAF5228D1DE0E007FB40D /* Debug */ = {
			isa = XCBuildConfiguration;
			buildSettings = {
				ALWAYS_SEARCH_USER_PATHS = NO;
				CLANG_ANALYZER_NONNULL = YES;
				CLANG_ANALYZER_NUMBER_OBJECT_CONVERSION = YES_AGGRESSIVE;
				CLANG_CXX_LANGUAGE_STANDARD = "gnu++17";
				CLANG_ENABLE_MODULES = YES;
				CLANG_ENABLE_OBJC_ARC = YES;
				CLANG_ENABLE_OBJC_WEAK = YES;
				CLANG_WARN_BLOCK_CAPTURE_AUTORELEASING = YES;
				CLANG_WARN_BOOL_CONVERSION = YES;
				CLANG_WARN_COMMA = YES;
				CLANG_WARN_CONSTANT_CONVERSION = YES;
				CLANG_WARN_DEPRECATED_OBJC_IMPLEMENTATIONS = YES;
				CLANG_WARN_DIRECT_OBJC_ISA_USAGE = YES_ERROR;
				CLANG_WARN_DOCUMENTATION_COMMENTS = YES;
				CLANG_WARN_EMPTY_BODY = YES;
				CLANG_WARN_ENUM_CONVERSION = YES;
				CLANG_WARN_INFINITE_RECURSION = YES;
				CLANG_WARN_INT_CONVERSION = YES;
				CLANG_WARN_NON_LITERAL_NULL_CONVERSION = YES;
				CLANG_WARN_OBJC_IMPLICIT_RETAIN_SELF = YES;
				CLANG_WARN_OBJC_LITERAL_CONVERSION = YES;
				CLANG_WARN_OBJC_ROOT_CLASS = YES_ERROR;
				CLANG_WARN_QUOTED_INCLUDE_IN_FRAMEWORK_HEADER = YES;
				CLANG_WARN_RANGE_LOOP_ANALYSIS = YES;
				CLANG_WARN_STRICT_PROTOTYPES = YES;
				CLANG_WARN_SUSPICIOUS_MOVE = YES;
				CLANG_WARN_UNGUARDED_AVAILABILITY = YES_AGGRESSIVE;
				CLANG_WARN_UNREACHABLE_CODE = YES;
				CLANG_WARN__DUPLICATE_METHOD_MATCH = YES;
				COPY_PHASE_STRIP = NO;
				DEBUG_INFORMATION_FORMAT = dwarf;
				ENABLE_STRICT_OBJC_MSGSEND = YES;
				ENABLE_TESTABILITY = YES;
				GCC_C_LANGUAGE_STANDARD = gnu11;
				GCC_DYNAMIC_NO_PIC = NO;
				GCC_NO_COMMON_BLOCKS = YES;
				GCC_OPTIMIZATION_LEVEL = 0;
				GCC_PREPROCESSOR_DEFINITIONS = (
					"DEBUG=1",
					"$(inherited)",
				);
				GCC_WARN_64_TO_32_BIT_CONVERSION = YES;
				GCC_WARN_ABOUT_RETURN_TYPE = YES_ERROR;
				GCC_WARN_UNDECLARED_SELECTOR = YES;
				GCC_WARN_UNINITIALIZED_AUTOS = YES_AGGRESSIVE;
				GCC_WARN_UNUSED_FUNCTION = YES;
				GCC_WARN_UNUSED_VARIABLE = YES;
				IPHONEOS_DEPLOYMENT_TARGET = 15.5;
				MTL_ENABLE_DEBUG_INFO = INCLUDE_SOURCE;
				MTL_FAST_MATH = YES;
				ONLY_ACTIVE_ARCH = YES;
				SDKROOT = iphoneos;
				SWIFT_ACTIVE_COMPILATION_CONDITIONS = DEBUG;
				SWIFT_OPTIMIZATION_LEVEL = "-Onone";
			};
			name = Debug;
		};
		60DFAF5328D1DE0E007FB40D /* Release */ = {
			isa = XCBuildConfiguration;
			buildSettings = {
				ALWAYS_SEARCH_USER_PATHS = NO;
				CLANG_ANALYZER_NONNULL = YES;
				CLANG_ANALYZER_NUMBER_OBJECT_CONVERSION = YES_AGGRESSIVE;
				CLANG_CXX_LANGUAGE_STANDARD = "gnu++17";
				CLANG_ENABLE_MODULES = YES;
				CLANG_ENABLE_OBJC_ARC = YES;
				CLANG_ENABLE_OBJC_WEAK = YES;
				CLANG_WARN_BLOCK_CAPTURE_AUTORELEASING = YES;
				CLANG_WARN_BOOL_CONVERSION = YES;
				CLANG_WARN_COMMA = YES;
				CLANG_WARN_CONSTANT_CONVERSION = YES;
				CLANG_WARN_DEPRECATED_OBJC_IMPLEMENTATIONS = YES;
				CLANG_WARN_DIRECT_OBJC_ISA_USAGE = YES_ERROR;
				CLANG_WARN_DOCUMENTATION_COMMENTS = YES;
				CLANG_WARN_EMPTY_BODY = YES;
				CLANG_WARN_ENUM_CONVERSION = YES;
				CLANG_WARN_INFINITE_RECURSION = YES;
				CLANG_WARN_INT_CONVERSION = YES;
				CLANG_WARN_NON_LITERAL_NULL_CONVERSION = YES;
				CLANG_WARN_OBJC_IMPLICIT_RETAIN_SELF = YES;
				CLANG_WARN_OBJC_LITERAL_CONVERSION = YES;
				CLANG_WARN_OBJC_ROOT_CLASS = YES_ERROR;
				CLANG_WARN_QUOTED_INCLUDE_IN_FRAMEWORK_HEADER = YES;
				CLANG_WARN_RANGE_LOOP_ANALYSIS = YES;
				CLANG_WARN_STRICT_PROTOTYPES = YES;
				CLANG_WARN_SUSPICIOUS_MOVE = YES;
				CLANG_WARN_UNGUARDED_AVAILABILITY = YES_AGGRESSIVE;
				CLANG_WARN_UNREACHABLE_CODE = YES;
				CLANG_WARN__DUPLICATE_METHOD_MATCH = YES;
				COPY_PHASE_STRIP = NO;
				DEBUG_INFORMATION_FORMAT = "dwarf-with-dsym";
				ENABLE_NS_ASSERTIONS = NO;
				ENABLE_STRICT_OBJC_MSGSEND = YES;
				GCC_C_LANGUAGE_STANDARD = gnu11;
				GCC_NO_COMMON_BLOCKS = YES;
				GCC_WARN_64_TO_32_BIT_CONVERSION = YES;
				GCC_WARN_ABOUT_RETURN_TYPE = YES_ERROR;
				GCC_WARN_UNDECLARED_SELECTOR = YES;
				GCC_WARN_UNINITIALIZED_AUTOS = YES_AGGRESSIVE;
				GCC_WARN_UNUSED_FUNCTION = YES;
				GCC_WARN_UNUSED_VARIABLE = YES;
				IPHONEOS_DEPLOYMENT_TARGET = 15.5;
				MTL_ENABLE_DEBUG_INFO = NO;
				MTL_FAST_MATH = YES;
				SDKROOT = iphoneos;
				SWIFT_COMPILATION_MODE = wholemodule;
				SWIFT_OPTIMIZATION_LEVEL = "-O";
				VALIDATE_PRODUCT = YES;
			};
			name = Release;
		};
		60DFAF5528D1DE0E007FB40D /* Debug */ = {
			isa = XCBuildConfiguration;
			buildSettings = {
				ASSETCATALOG_COMPILER_APPICON_NAME = AppIcon;
				ASSETCATALOG_COMPILER_GLOBAL_ACCENT_COLOR_NAME = AccentColor;
				CODE_SIGN_STYLE = Automatic;
				CURRENT_PROJECT_VERSION = 1;
				DEVELOPMENT_TEAM = 9B8HXWRU9W;
				GENERATE_INFOPLIST_FILE = YES;
				INFOPLIST_FILE = "Swift assignment6/Info.plist";
				INFOPLIST_KEY_UIApplicationSupportsIndirectInputEvents = YES;
				INFOPLIST_KEY_UILaunchStoryboardName = LaunchScreen;
				INFOPLIST_KEY_UIMainStoryboardFile = Main;
				INFOPLIST_KEY_UISupportedInterfaceOrientations_iPad = "UIInterfaceOrientationPortrait UIInterfaceOrientationPortraitUpsideDown UIInterfaceOrientationLandscapeLeft UIInterfaceOrientationLandscapeRight";
				INFOPLIST_KEY_UISupportedInterfaceOrientations_iPhone = "UIInterfaceOrientationPortrait UIInterfaceOrientationLandscapeLeft UIInterfaceOrientationLandscapeRight";
				LD_RUNPATH_SEARCH_PATHS = (
					"$(inherited)",
					"@executable_path/Frameworks",
				);
				MARKETING_VERSION = 1.0;
				PRODUCT_BUNDLE_IDENTIFIER = "com.pandey.Swift-assignment6";
				PRODUCT_NAME = "$(TARGET_NAME)";
				SWIFT_EMIT_LOC_STRINGS = YES;
				SWIFT_VERSION = 5.0;
				TARGETED_DEVICE_FAMILY = "1,2";
			};
			name = Debug;
		};
		60DFAF5628D1DE0E007FB40D /* Release */ = {
			isa = XCBuildConfiguration;
			buildSettings = {
				ASSETCATALOG_COMPILER_APPICON_NAME = AppIcon;
				ASSETCATALOG_COMPILER_GLOBAL_ACCENT_COLOR_NAME = AccentColor;
				CODE_SIGN_STYLE = Automatic;
				CURRENT_PROJECT_VERSION = 1;
				DEVELOPMENT_TEAM = 9B8HXWRU9W;
				GENERATE_INFOPLIST_FILE = YES;
				INFOPLIST_FILE = "Swift assignment6/Info.plist";
				INFOPLIST_KEY_UIApplicationSupportsIndirectInputEvents = YES;
				INFOPLIST_KEY_UILaunchStoryboardName = LaunchScreen;
				INFOPLIST_KEY_UIMainStoryboardFile = Main;
				INFOPLIST_KEY_UISupportedInterfaceOrientations_iPad = "UIInterfaceOrientationPortrait UIInterfaceOrientationPortraitUpsideDown UIInterfaceOrientationLandscapeLeft UIInterfaceOrientationLandscapeRight";
				INFOPLIST_KEY_UISupportedInterfaceOrientations_iPhone = "UIInterfaceOrientationPortrait UIInterfaceOrientationLandscapeLeft UIInterfaceOrientationLandscapeRight";
				LD_RUNPATH_SEARCH_PATHS = (
					"$(inherited)",
					"@executable_path/Frameworks",
				);
				MARKETING_VERSION = 1.0;
				PRODUCT_BUNDLE_IDENTIFIER = "com.pandey.Swift-assignment6";
				PRODUCT_NAME = "$(TARGET_NAME)";
				SWIFT_EMIT_LOC_STRINGS = YES;
				SWIFT_VERSION = 5.0;
				TARGETED_DEVICE_FAMILY = "1,2";
			};
			name = Release;
		};
/* End XCBuildConfiguration section */

/* Begin XCConfigurationList section */
		60DFAF3B28D1DE0C007FB40D /* Build configuration list for PBXProject "Swift assignment6" */ = {
			isa = XCConfigurationList;
			buildConfigurations = (
				60DFAF5228D1DE0E007FB40D /* Debug */,
				60DFAF5328D1DE0E007FB40D /* Release */,
			);
			defaultConfigurationIsVisible = 0;
			defaultConfigurationName = Release;
		};
		60DFAF5428D1DE0E007FB40D /* Build configuration list for PBXNativeTarget "Swift assignment6" */ = {
			isa = XCConfigurationList;
			buildConfigurations = (
				60DFAF5528D1DE0E007FB40D /* Debug */,
				60DFAF5628D1DE0E007FB40D /* Release */,
			);
			defaultConfigurationIsVisible = 0;
			defaultConfigurationName = Release;
		};
/* End XCConfigurationList section */
	};
	rootObject = 60DFAF3828D1DE0C007FB40D /* Project object */;
}
